
Microsoft Visual Studio Solution File, Format Version 12.00
# Visual Studio Version 17
VisualStudioVersion = 17.2.32630.192
MinimumVisualStudioVersion = 10.0.40219.1
Project("{FAE04EC0-301F-11D3-BF4B-00C04F79EFBC}") = "Namespace", "Namespace\Namespace.csproj", "{B617416A-F7C6-428D-AB4A-50D1190A40D8}"
EndProject
Global
	GlobalSection(SolutionConfigurationPlatforms) = preSolution
		Debug|Any CPU = Debug|Any CPU
		Release|Any CPU = Release|Any CPU
	EndGlobalSection
	GlobalSection(ProjectConfigurationPlatforms) = postSolution
		{B617416A-F7C6-428D-AB4A-50D1190A40D8}.Debug|Any CPU.ActiveCfg = Debug|Any CPU
		{B617416A-F7C6-428D-AB4A-50D1190A40D8}.Debug|Any CPU.Build.0 = Debug|Any CPU
		{B617416A-F7C6-428D-AB4A-50D1190A40D8}.Release|Any CPU.ActiveCfg = Release|Any CPU
		{B617416A-F7C6-428D-AB4A-50D1190A40D8}.Release|Any CPU.Build.0 = Release|Any CPU
	EndGlobalSection
	GlobalSection(SolutionProperties) = preSolution
		HideSolutionNode = FALSE
	EndGlobalSection
	GlobalSection(ExtensibilityGlobals) = postSolution
		SolutionGuid = {19A6A85B-E1C2-4FFC-A194-2107721B6328}
	EndGlobalSection
EndGlobal
